
Microsoft Visual Studio Solution File, Format Version 12.00
# Visual Studio Version 17
VisualStudioVersion = 17.10.35027.167
MinimumVisualStudioVersion = 10.0.40219.1
Project("{FAE04EC0-301F-11D3-BF4B-00C04F79EFBC}") = "UserForm", "UserForm\UserForm.csproj", "{09484F4B-F4F6-40F1-850A-476636000816}"
EndProject
Global
	GlobalSection(SolutionConfigurationPlatforms) = preSolution
		Debug|Any CPU = Debug|Any CPU
		Release|Any CPU = Release|Any CPU
	EndGlobalSection
	GlobalSection(ProjectConfigurationPlatforms) = postSolution
		{09484F4B-F4F6-40F1-850A-476636000816}.Debug|Any CPU.ActiveCfg = Debug|Any CPU
		{09484F4B-F4F6-40F1-850A-476636000816}.Debug|Any CPU.Build.0 = Debug|Any CPU
		{09484F4B-F4F6-40F1-850A-476636000816}.Release|Any CPU.ActiveCfg = Release|Any CPU
		{09484F4B-F4F6-40F1-850A-476636000816}.Release|Any CPU.Build.0 = Release|Any CPU
	EndGlobalSection
	GlobalSection(SolutionProperties) = preSolution
		HideSolutionNode = FALSE
	EndGlobalSection
	GlobalSection(ExtensibilityGlobals) = postSolution
		SolutionGuid = {C0941E5C-E901-4BC8-8592-89EFA653BC52}
	EndGlobalSection
EndGlobal
